// !$*UTF8*$!
{
	archiveVersion = 1;
	classes = {
	};
	objectVersion = 46;
	objects = {

/* Begin PBXBuildFile section */
		4C0BCE511E36E8FF00CC7C72 /* DictionaryBST.cpp in Sources */ = {isa = PBXBuildFile; fileRef = 4C0BCE4F1E36E8FF00CC7C72 /* DictionaryBST.cpp */; };
		4C0BCE531E36F25600CC7C72 /* test.cpp in Sources */ = {isa = PBXBuildFile; fileRef = 4C0BCE521E36F25600CC7C72 /* test.cpp */; };
		4C0BCE5B1E36FB5100CC7C72 /* DictionaryTrie.cpp in Sources */ = {isa = PBXBuildFile; fileRef = 4C0BCE561E36FB5100CC7C72 /* DictionaryTrie.cpp */; };
		4C5DAFF81E3C2BC400BD06E3 /* DictionaryHashtable.cpp in Sources */ = {isa = PBXBuildFile; fileRef = 4C5DAFF41E3C2BC400BD06E3 /* DictionaryHashtable.cpp */; };
		4C5DAFF91E3C2BC400BD06E3 /* util.cpp in Sources */ = {isa = PBXBuildFile; fileRef = 4C5DAFF61E3C2BC400BD06E3 /* util.cpp */; };
/* End PBXBuildFile section */

/* Begin PBXCopyFilesBuildPhase section */
		4C0BCE431E36E8E100CC7C72 /* CopyFiles */ = {
			isa = PBXCopyFilesBuildPhase;
			buildActionMask = 2147483647;
			dstPath = /usr/share/man/man1/;
			dstSubfolderSpec = 0;
			files = (
			);
			runOnlyForDeploymentPostprocessing = 1;
		};
/* End PBXCopyFilesBuildPhase section */

/* Begin PBXFileReference section */
		4C0BCE451E36E8E200CC7C72 /* PA2 */ = {isa = PBXFileReference; explicitFileType = "compiled.mach-o.executable"; includeInIndex = 0; path = PA2; sourceTree = BUILT_PRODUCTS_DIR; };
		4C0BCE4F1E36E8FF00CC7C72 /* DictionaryBST.cpp */ = {isa = PBXFileReference; fileEncoding = 4; lastKnownFileType = sourcecode.cpp.cpp; name = DictionaryBST.cpp; path = ../../DictionaryBST.cpp; sourceTree = "<group>"; };
		4C0BCE501E36E8FF00CC7C72 /* DictionaryBST.h */ = {isa = PBXFileReference; fileEncoding = 4; lastKnownFileType = sourcecode.c.h; name = DictionaryBST.h; path = ../../DictionaryBST.h; sourceTree = "<group>"; };
		4C0BCE521E36F25600CC7C72 /* test.cpp */ = {isa = PBXFileReference; fileEncoding = 4; lastKnownFileType = sourcecode.cpp.cpp; name = test.cpp; path = ../../test.cpp; sourceTree = "<group>"; };
		4C0BCE561E36FB5100CC7C72 /* DictionaryTrie.cpp */ = {isa = PBXFileReference; fileEncoding = 4; lastKnownFileType = sourcecode.cpp.cpp; name = DictionaryTrie.cpp; path = ../../DictionaryTrie.cpp; sourceTree = "<group>"; };
		4C0BCE571E36FB5100CC7C72 /* DictionaryTrie.h */ = {isa = PBXFileReference; fileEncoding = 4; lastKnownFileType = sourcecode.c.h; name = DictionaryTrie.h; path = ../../DictionaryTrie.h; sourceTree = "<group>"; };
		4C5DAFF41E3C2BC400BD06E3 /* DictionaryHashtable.cpp */ = {isa = PBXFileReference; fileEncoding = 4; lastKnownFileType = sourcecode.cpp.cpp; name = DictionaryHashtable.cpp; path = ../../DictionaryHashtable.cpp; sourceTree = "<group>"; };
		4C5DAFF51E3C2BC400BD06E3 /* DictionaryHashtable.h */ = {isa = PBXFileReference; fileEncoding = 4; lastKnownFileType = sourcecode.c.h; name = DictionaryHashtable.h; path = ../../DictionaryHashtable.h; sourceTree = "<group>"; };
		4C5DAFF61E3C2BC400BD06E3 /* util.cpp */ = {isa = PBXFileReference; fileEncoding = 4; lastKnownFileType = sourcecode.cpp.cpp; name = util.cpp; path = ../../util.cpp; sourceTree = "<group>"; };
		4C5DAFF71E3C2BC400BD06E3 /* util.h */ = {isa = PBXFileReference; fileEncoding = 4; lastKnownFileType = sourcecode.c.h; name = util.h; path = ../../util.h; sourceTree = "<group>"; };
/* End PBXFileReference section */

/* Begin PBXFrameworksBuildPhase section */
		4C0BCE421E36E8E100CC7C72 /* Frameworks */ = {
			isa = PBXFrameworksBuildPhase;
			buildActionMask = 2147483647;
			files = (
			);
			runOnlyForDeploymentPostprocessing = 0;
		};
/* End PBXFrameworksBuildPhase section */

/* Begin PBXGroup section */
		4C0BCE3C1E36E8E100CC7C72 = {
			isa = PBXGroup;
			children = (
				4C0BCE471E36E8E200CC7C72 /* PA2 */,
				4C0BCE461E36E8E200CC7C72 /* Products */,
			);
			sourceTree = "<group>";
		};
		4C0BCE461E36E8E200CC7C72 /* Products */ = {
			isa = PBXGroup;
			children = (
				4C0BCE451E36E8E200CC7C72 /* PA2 */,
			);
			name = Products;
			sourceTree = "<group>";
		};
		4C0BCE471E36E8E200CC7C72 /* PA2 */ = {
			isa = PBXGroup;
			children = (
				4C5DAFF41E3C2BC400BD06E3 /* DictionaryHashtable.cpp */,
				4C5DAFF51E3C2BC400BD06E3 /* DictionaryHashtable.h */,
				4C5DAFF61E3C2BC400BD06E3 /* util.cpp */,
				4C5DAFF71E3C2BC400BD06E3 /* util.h */,
				4C0BCE561E36FB5100CC7C72 /* DictionaryTrie.cpp */,
				4C0BCE571E36FB5100CC7C72 /* DictionaryTrie.h */,
				4C0BCE521E36F25600CC7C72 /* test.cpp */,
				4C0BCE4F1E36E8FF00CC7C72 /* DictionaryBST.cpp */,
				4C0BCE501E36E8FF00CC7C72 /* DictionaryBST.h */,
			);
			path = PA2;
			sourceTree = "<group>";
		};
/* End PBXGroup section */

/* Begin PBXNativeTarget section */
		4C0BCE441E36E8E100CC7C72 /* PA2 */ = {
			isa = PBXNativeTarget;
			buildConfigurationList = 4C0BCE4C1E36E8E200CC7C72 /* Build configuration list for PBXNativeTarget "PA2" */;
			buildPhases = (
				4C0BCE411E36E8E100CC7C72 /* Sources */,
				4C0BCE421E36E8E100CC7C72 /* Frameworks */,
				4C0BCE431E36E8E100CC7C72 /* CopyFiles */,
			);
			buildRules = (
			);
			dependencies = (
			);
			name = PA2;
			productName = PA2;
			productReference = 4C0BCE451E36E8E200CC7C72 /* PA2 */;
			productType = "com.apple.product-type.tool";
		};
/* End PBXNativeTarget section */

/* Begin PBXProject section */
		4C0BCE3D1E36E8E100CC7C72 /* Project object */ = {
			isa = PBXProject;
			attributes = {
				LastUpgradeCheck = 0820;
				ORGANIZATIONNAME = "Daniel Huang";
				TargetAttributes = {
					4C0BCE441E36E8E100CC7C72 = {
						CreatedOnToolsVersion = 8.2.1;
						ProvisioningStyle = Automatic;
					};
				};
			};
			buildConfigurationList = 4C0BCE401E36E8E100CC7C72 /* Build configuration list for PBXProject "PA2" */;
			compatibilityVersion = "Xcode 3.2";
			developmentRegion = English;
			hasScannedForEncodings = 0;
			knownRegions = (
				en,
			);
			mainGroup = 4C0BCE3C1E36E8E100CC7C72;
			productRefGroup = 4C0BCE461E36E8E200CC7C72 /* Products */;
			projectDirPath = "";
			projectRoot = "";
			targets = (
				4C0BCE441E36E8E100CC7C72 /* PA2 */,
			);
		};
/* End PBXProject section */

/* Begin PBXSourcesBuildPhase section */
		4C0BCE411E36E8E100CC7C72 /* Sources */ = {
			isa = PBXSourcesBuildPhase;
			buildActionMask = 2147483647;
			files = (
				4C0BCE511E36E8FF00CC7C72 /* DictionaryBST.cpp in Sources */,
				4C0BCE5B1E36FB5100CC7C72 /* DictionaryTrie.cpp in Sources */,
				4C5DAFF81E3C2BC400BD06E3 /* DictionaryHashtable.cpp in Sources */,
				4C5DAFF91E3C2BC400BD06E3 /* util.cpp in Sources */,
				4C0BCE531E36F25600CC7C72 /* test.cpp in Sources */,
			);
			runOnlyForDeploymentPostprocessing = 0;
		};
/* End PBXSourcesBuildPhase section */

/* Begin XCBuildConfiguration section */
		4C0BCE4A1E36E8E200CC7C72 /* Debug */ = {
			isa = XCBuildConfiguration;
			buildSettings = {
				ALWAYS_SEARCH_USER_PATHS = NO;
				CLANG_ANALYZER_NONNULL = YES;
				CLANG_CXX_LANGUAGE_STANDARD = "gnu++0x";
				CLANG_CXX_LIBRARY = "libc++";
				CLANG_ENABLE_MODULES = YES;
				CLANG_ENABLE_OBJC_ARC = YES;
				CLANG_WARN_BOOL_CONVERSION = YES;
				CLANG_WARN_CONSTANT_CONVERSION = YES;
				CLANG_WARN_DIRECT_OBJC_ISA_USAGE = YES_ERROR;
				CLANG_WARN_DOCUMENTATION_COMMENTS = YES;
				CLANG_WARN_EMPTY_BODY = YES;
				CLANG_WARN_ENUM_CONVERSION = YES;
				CLANG_WARN_INFINITE_RECURSION = YES;
				CLANG_WARN_INT_CONVERSION = YES;
				CLANG_WARN_OBJC_ROOT_CLASS = YES_ERROR;
				CLANG_WARN_SUSPICIOUS_MOVE = YES;
				CLANG_WARN_UNREACHABLE_CODE = YES;
				CLANG_WARN__DUPLICATE_METHOD_MATCH = YES;
				CODE_SIGN_IDENTITY = "-";
				COPY_PHASE_STRIP = NO;
				DEBUG_INFORMATION_FORMAT = dwarf;
				ENABLE_STRICT_OBJC_MSGSEND = YES;
				ENABLE_TESTABILITY = YES;
				GCC_C_LANGUAGE_STANDARD = gnu99;
				GCC_DYNAMIC_NO_PIC = NO;
				GCC_NO_COMMON_BLOCKS = YES;
				GCC_OPTIMIZATION_LEVEL = 0;
				GCC_PREPROCESSOR_DEFINITIONS = (
					"DEBUG=1",
					"$(inherited)",
				);
				GCC_WARN_64_TO_32_BIT_CONVERSION = YES;
				GCC_WARN_ABOUT_RETURN_TYPE = YES_ERROR;
				GCC_WARN_UNDECLARED_SELECTOR = YES;
				GCC_WARN_UNINITIALIZED_AUTOS = YES_AGGRESSIVE;
				GCC_WARN_UNUSED_FUNCTION = YES;
				GCC_WARN_UNUSED_VARIABLE = YES;
				MACOSX_DEPLOYMENT_TARGET = 10.11;
				MTL_ENABLE_DEBUG_INFO = YES;
				ONLY_ACTIVE_ARCH = YES;
				SDKROOT = macosx;
			};
			name = Debug;
		};
		4C0BCE4B1E36E8E200CC7C72 /* Release */ = {
			isa = XCBuildConfiguration;
			buildSettings = {
				ALWAYS_SEARCH_USER_PATHS = NO;
				CLANG_ANALYZER_NONNULL = YES;
				CLANG_CXX_LANGUAGE_STANDARD = "gnu++0x";
				CLANG_CXX_LIBRARY = "libc++";
				CLANG_ENABLE_MODULES = YES;
				CLANG_ENABLE_OBJC_ARC = YES;
				CLANG_WARN_BOOL_CONVERSION = YES;
				CLANG_WARN_CONSTANT_CONVERSION = YES;
				CLANG_WARN_DIRECT_OBJC_ISA_USAGE = YES_ERROR;
				CLANG_WARN_DOCUMENTATION_COMMENTS = YES;
				CLANG_WARN_EMPTY_BODY = YES;
				CLANG_WARN_ENUM_CONVERSION = YES;
				CLANG_WARN_INFINITE_RECURSION = YES;
				CLANG_WARN_INT_CONVERSION = YES;
				CLANG_WARN_OBJC_ROOT_CLASS = YES_ERROR;
				CLANG_WARN_SUSPICIOUS_MOVE = YES;
				CLANG_WARN_UNREACHABLE_CODE = YES;
				CLANG_WARN__DUPLICATE_METHOD_MATCH = YES;
				CODE_SIGN_IDENTITY = "-";
				COPY_PHASE_STRIP = NO;
				DEBUG_INFORMATION_FORMAT = "dwarf-with-dsym";
				ENABLE_NS_ASSERTIONS = NO;
				ENABLE_STRICT_OBJC_MSGSEND = YES;
				GCC_C_LANGUAGE_STANDARD = gnu99;
				GCC_NO_COMMON_BLOCKS = YES;
				GCC_WARN_64_TO_32_BIT_CONVERSION = YES;
				GCC_WARN_ABOUT_RETURN_TYPE = YES_ERROR;
				GCC_WARN_UNDECLARED_SELECTOR = YES;
				GCC_WARN_UNINITIALIZED_AUTOS = YES_AGGRESSIVE;
				GCC_WARN_UNUSED_FUNCTION = YES;
				GCC_WARN_UNUSED_VARIABLE = YES;
				MACOSX_DEPLOYMENT_TARGET = 10.11;
				MTL_ENABLE_DEBUG_INFO = NO;
				SDKROOT = macosx;
			};
			name = Release;
		};
		4C0BCE4D1E36E8E200CC7C72 /* Debug */ = {
			isa = XCBuildConfiguration;
			buildSettings = {
				PRODUCT_NAME = "$(TARGET_NAME)";
			};
			name = Debug;
		};
		4C0BCE4E1E36E8E200CC7C72 /* Release */ = {
			isa = XCBuildConfiguration;
			buildSettings = {
				PRODUCT_NAME = "$(TARGET_NAME)";
			};
			name = Release;
		};
/* End XCBuildConfiguration section */

/* Begin XCConfigurationList section */
		4C0BCE401E36E8E100CC7C72 /* Build configuration list for PBXProject "PA2" */ = {
			isa = XCConfigurationList;
			buildConfigurations = (
				4C0BCE4A1E36E8E200CC7C72 /* Debug */,
				4C0BCE4B1E36E8E200CC7C72 /* Release */,
			);
			defaultConfigurationIsVisible = 0;
			defaultConfigurationName = Release;
		};
		4C0BCE4C1E36E8E200CC7C72 /* Build configuration list for PBXNativeTarget "PA2" */ = {
			isa = XCConfigurationList;
			buildConfigurations = (
				4C0BCE4D1E36E8E200CC7C72 /* Debug */,
				4C0BCE4E1E36E8E200CC7C72 /* Release */,
			);
			defaultConfigurationIsVisible = 0;
			defaultConfigurationName = Release;
		};
/* End XCConfigurationList section */
	};
	rootObject = 4C0BCE3D1E36E8E100CC7C72 /* Project object */;
}
